
Microsoft Visual Studio Solution File, Format Version 12.00
# Visual Studio 15
VisualStudioVersion = 15.0.28010.2026
MinimumVisualStudioVersion = 10.0.40219.1
Project("{FAE04EC0-301F-11D3-BF4B-00C04F79EFBC}") = "OOP2_Major_PRJ", "OOP2_Major_mockup_PRJ\OOP2_Major_PRJ.csproj", "{C459914B-0F8C-4140-AC09-92D1B8EAC5C9}"
EndProject
Global
	GlobalSection(SolutionConfigurationPlatforms) = preSolution
		Debug|Any CPU = Debug|Any CPU
		Release|Any CPU = Release|Any CPU
	EndGlobalSection
	GlobalSection(ProjectConfigurationPlatforms) = postSolution
		{C459914B-0F8C-4140-AC09-92D1B8EAC5C9}.Debug|Any CPU.ActiveCfg = Debug|Any CPU
		{C459914B-0F8C-4140-AC09-92D1B8EAC5C9}.Debug|Any CPU.Build.0 = Debug|Any CPU
		{C459914B-0F8C-4140-AC09-92D1B8EAC5C9}.Release|Any CPU.ActiveCfg = Release|Any CPU
		{C459914B-0F8C-4140-AC09-92D1B8EAC5C9}.Release|Any CPU.Build.0 = Release|Any CPU
	EndGlobalSection
	GlobalSection(SolutionProperties) = preSolution
		HideSolutionNode = FALSE
	EndGlobalSection
	GlobalSection(ExtensibilityGlobals) = postSolution
		SolutionGuid = {253D563E-355A-4AA5-8F37-DFD904A589A1}
	EndGlobalSection
EndGlobal
